
Microsoft Visual Studio Solution File, Format Version 12.00
# Visual Studio Version 17
VisualStudioVersion = 17.1.32210.238
MinimumVisualStudioVersion = 10.0.40219.1
Project("{FAE04EC0-301F-11D3-BF4B-00C04F79EFBC}") = "cv7", "cv7.csproj", "{997689F2-76F2-4A34-BDC4-B4D02274B0FB}"
EndProject
Global
	GlobalSection(SolutionConfigurationPlatforms) = preSolution
		Debug|Any CPU = Debug|Any CPU
		Release|Any CPU = Release|Any CPU
	EndGlobalSection
	GlobalSection(ProjectConfigurationPlatforms) = postSolution
		{997689F2-76F2-4A34-BDC4-B4D02274B0FB}.Debug|Any CPU.ActiveCfg = Debug|Any CPU
		{997689F2-76F2-4A34-BDC4-B4D02274B0FB}.Debug|Any CPU.Build.0 = Debug|Any CPU
		{997689F2-76F2-4A34-BDC4-B4D02274B0FB}.Release|Any CPU.ActiveCfg = Release|Any CPU
		{997689F2-76F2-4A34-BDC4-B4D02274B0FB}.Release|Any CPU.Build.0 = Release|Any CPU
	EndGlobalSection
	GlobalSection(SolutionProperties) = preSolution
		HideSolutionNode = FALSE
	EndGlobalSection
	GlobalSection(ExtensibilityGlobals) = postSolution
		SolutionGuid = {FB56B7F8-5EA8-4936-BAA5-439E1C24F2A6}
	EndGlobalSection
EndGlobal
