
Microsoft Visual Studio Solution File, Format Version 12.00
# Visual Studio Version 17
VisualStudioVersion = 17.1.32210.238
MinimumVisualStudioVersion = 10.0.40219.1
Project("{FAE04EC0-301F-11D3-BF4B-00C04F79EFBC}") = "cv9", "cv9.csproj", "{438CD787-230F-47DF-99B6-2F3EE692FD4E}"
EndProject
Global
	GlobalSection(SolutionConfigurationPlatforms) = preSolution
		Debug|Any CPU = Debug|Any CPU
		Release|Any CPU = Release|Any CPU
	EndGlobalSection
	GlobalSection(ProjectConfigurationPlatforms) = postSolution
		{438CD787-230F-47DF-99B6-2F3EE692FD4E}.Debug|Any CPU.ActiveCfg = Debug|Any CPU
		{438CD787-230F-47DF-99B6-2F3EE692FD4E}.Debug|Any CPU.Build.0 = Debug|Any CPU
		{438CD787-230F-47DF-99B6-2F3EE692FD4E}.Release|Any CPU.ActiveCfg = Release|Any CPU
		{438CD787-230F-47DF-99B6-2F3EE692FD4E}.Release|Any CPU.Build.0 = Release|Any CPU
	EndGlobalSection
	GlobalSection(SolutionProperties) = preSolution
		HideSolutionNode = FALSE
	EndGlobalSection
	GlobalSection(ExtensibilityGlobals) = postSolution
		SolutionGuid = {8A067021-E109-4BD7-92CD-1FAB053F8B18}
	EndGlobalSection
EndGlobal
